
Microsoft Visual Studio Solution File, Format Version 12.00
# Visual Studio Version 17
VisualStudioVersion = 17.6.33712.159
MinimumVisualStudioVersion = 10.0.40219.1
Project("{9A19103F-16F7-4668-BE54-9A1E7A4F7556}") = "MedicalAppointmentBooking.WebAPI", "MedicalAppointmentBooking.WebAPI\MedicalAppointmentBooking.WebAPI.csproj", "{F3B5083C-AB1A-42BB-851D-73CBAB2FCC75}"
EndProject
Project("{FAE04EC0-301F-11D3-BF4B-00C04F79EFBC}") = "Domain", "Domain\Domain.csproj", "{87E45F76-1789-484C-8E8F-ECBEE5F145CC}"
EndProject
Project("{FAE04EC0-301F-11D3-BF4B-00C04F79EFBC}") = "DataAccess.EFCore", "DataAccess.EFCore\DataAccess.EFCore.csproj", "{3F549E4D-59D6-4081-AE0A-E26B2F3EA49C}"
EndProject
Global
	GlobalSection(SolutionConfigurationPlatforms) = preSolution
		Debug|Any CPU = Debug|Any CPU
		Release|Any CPU = Release|Any CPU
	EndGlobalSection
	GlobalSection(ProjectConfigurationPlatforms) = postSolution
		{F3B5083C-AB1A-42BB-851D-73CBAB2FCC75}.Debug|Any CPU.ActiveCfg = Debug|Any CPU
		{F3B5083C-AB1A-42BB-851D-73CBAB2FCC75}.Debug|Any CPU.Build.0 = Debug|Any CPU
		{F3B5083C-AB1A-42BB-851D-73CBAB2FCC75}.Release|Any CPU.ActiveCfg = Release|Any CPU
		{F3B5083C-AB1A-42BB-851D-73CBAB2FCC75}.Release|Any CPU.Build.0 = Release|Any CPU
		{87E45F76-1789-484C-8E8F-ECBEE5F145CC}.Debug|Any CPU.ActiveCfg = Debug|Any CPU
		{87E45F76-1789-484C-8E8F-ECBEE5F145CC}.Debug|Any CPU.Build.0 = Debug|Any CPU
		{87E45F76-1789-484C-8E8F-ECBEE5F145CC}.Release|Any CPU.ActiveCfg = Release|Any CPU
		{87E45F76-1789-484C-8E8F-ECBEE5F145CC}.Release|Any CPU.Build.0 = Release|Any CPU
		{3F549E4D-59D6-4081-AE0A-E26B2F3EA49C}.Debug|Any CPU.ActiveCfg = Debug|Any CPU
		{3F549E4D-59D6-4081-AE0A-E26B2F3EA49C}.Debug|Any CPU.Build.0 = Debug|Any CPU
		{3F549E4D-59D6-4081-AE0A-E26B2F3EA49C}.Release|Any CPU.ActiveCfg = Release|Any CPU
		{3F549E4D-59D6-4081-AE0A-E26B2F3EA49C}.Release|Any CPU.Build.0 = Release|Any CPU
	EndGlobalSection
	GlobalSection(SolutionProperties) = preSolution
		HideSolutionNode = FALSE
	EndGlobalSection
	GlobalSection(ExtensibilityGlobals) = postSolution
		SolutionGuid = {8D289B36-F6F5-428E-8B77-8F41FB466EC7}
	EndGlobalSection
EndGlobal
